
Microsoft Visual Studio Solution File, Format Version 12.00
# Visual Studio Version 16
VisualStudioVersion = 16.0.31729.503
MinimumVisualStudioVersion = 10.0.40219.1
Project("{9A19103F-16F7-4668-BE54-9A1E7A4F7556}") = "Gestão_Software", "Gestão_Software.csproj", "{400B7FA4-81E5-40CA-BED1-D9325C97A732}"
EndProject
Global
	GlobalSection(SolutionConfigurationPlatforms) = preSolution
		Debug|Any CPU = Debug|Any CPU
		Release|Any CPU = Release|Any CPU
	EndGlobalSection
	GlobalSection(ProjectConfigurationPlatforms) = postSolution
		{400B7FA4-81E5-40CA-BED1-D9325C97A732}.Debug|Any CPU.ActiveCfg = Debug|Any CPU
		{400B7FA4-81E5-40CA-BED1-D9325C97A732}.Debug|Any CPU.Build.0 = Debug|Any CPU
		{400B7FA4-81E5-40CA-BED1-D9325C97A732}.Release|Any CPU.ActiveCfg = Release|Any CPU
		{400B7FA4-81E5-40CA-BED1-D9325C97A732}.Release|Any CPU.Build.0 = Release|Any CPU
	EndGlobalSection
	GlobalSection(SolutionProperties) = preSolution
		HideSolutionNode = FALSE
	EndGlobalSection
	GlobalSection(ExtensibilityGlobals) = postSolution
		SolutionGuid = {87D6D890-A08B-42EA-A060-8C94FB958C56}
	EndGlobalSection
EndGlobal
